
Microsoft Visual Studio Solution File, Format Version 12.00
# Visual Studio 15
VisualStudioVersion = 15.0.27703.2042
MinimumVisualStudioVersion = 10.0.40219.1
Project("{2150E333-8FDC-42A3-9474-1A3956D46DE8}") = "Android1", "Android1", "{C40A2F1C-D9CB-45B1-B9E0-EC2CB501C556}"
EndProject
Project("{39E2626F-3545-4960-A6E8-258AD8476CE5}") = "Android1.Packaging", "Android1\Android1.Packaging\Android1.Packaging.androidproj", "{00316539-3473-43AD-B2E3-7E06A9228B3C}"
EndProject
Project("{8BC9CEB8-8B4A-11D0-8D11-00A0C91BC942}") = "Android1.NativeActivity", "Android1\Android1.NativeActivity\Android1.NativeActivity.vcxproj", "{DE513637-99EA-4181-AB3B-85422FE33499}"
EndProject
Global
	GlobalSection(SolutionConfigurationPlatforms) = preSolution
		Debug|ARM = Debug|ARM
		Debug|ARM64 = Debug|ARM64
		Debug|x64 = Debug|x64
		Debug|x86 = Debug|x86
		Release|ARM = Release|ARM
		Release|ARM64 = Release|ARM64
		Release|x64 = Release|x64
		Release|x86 = Release|x86
	EndGlobalSection
	GlobalSection(ProjectConfigurationPlatforms) = postSolution
		{00316539-3473-43AD-B2E3-7E06A9228B3C}.Debug|ARM.ActiveCfg = Debug|ARM
		{00316539-3473-43AD-B2E3-7E06A9228B3C}.Debug|ARM.Build.0 = Debug|ARM
		{00316539-3473-43AD-B2E3-7E06A9228B3C}.Debug|ARM.Deploy.0 = Debug|ARM
		{00316539-3473-43AD-B2E3-7E06A9228B3C}.Debug|ARM64.ActiveCfg = Debug|ARM64
		{00316539-3473-43AD-B2E3-7E06A9228B3C}.Debug|ARM64.Build.0 = Debug|ARM64
		{00316539-3473-43AD-B2E3-7E06A9228B3C}.Debug|ARM64.Deploy.0 = Debug|ARM64
		{00316539-3473-43AD-B2E3-7E06A9228B3C}.Debug|x64.ActiveCfg = Debug|x64
		{00316539-3473-43AD-B2E3-7E06A9228B3C}.Debug|x64.Build.0 = Debug|x64
		{00316539-3473-43AD-B2E3-7E06A9228B3C}.Debug|x64.Deploy.0 = Debug|x64
		{00316539-3473-43AD-B2E3-7E06A9228B3C}.Debug|x86.ActiveCfg = Debug|x86
		{00316539-3473-43AD-B2E3-7E06A9228B3C}.Debug|x86.Build.0 = Debug|x86
		{00316539-3473-43AD-B2E3-7E06A9228B3C}.Debug|x86.Deploy.0 = Debug|x86
		{00316539-3473-43AD-B2E3-7E06A9228B3C}.Release|ARM.ActiveCfg = Release|ARM
		{00316539-3473-43AD-B2E3-7E06A9228B3C}.Release|ARM.Build.0 = Release|ARM
		{00316539-3473-43AD-B2E3-7E06A9228B3C}.Release|ARM.Deploy.0 = Release|ARM
		{00316539-3473-43AD-B2E3-7E06A9228B3C}.Release|ARM64.ActiveCfg = Release|ARM64
		{00316539-3473-43AD-B2E3-7E06A9228B3C}.Release|ARM64.Build.0 = Release|ARM64
		{00316539-3473-43AD-B2E3-7E06A9228B3C}.Release|ARM64.Deploy.0 = Release|ARM64
		{00316539-3473-43AD-B2E3-7E06A9228B3C}.Release|x64.ActiveCfg = Release|x64
		{00316539-3473-43AD-B2E3-7E06A9228B3C}.Release|x64.Build.0 = Release|x64
		{00316539-3473-43AD-B2E3-7E06A9228B3C}.Release|x64.Deploy.0 = Release|x64
		{00316539-3473-43AD-B2E3-7E06A9228B3C}.Release|x86.ActiveCfg = Release|x86
		{00316539-3473-43AD-B2E3-7E06A9228B3C}.Release|x86.Build.0 = Release|x86
		{00316539-3473-43AD-B2E3-7E06A9228B3C}.Release|x86.Deploy.0 = Release|x86
		{DE513637-99EA-4181-AB3B-85422FE33499}.Debug|ARM.ActiveCfg = Debug|ARM
		{DE513637-99EA-4181-AB3B-85422FE33499}.Debug|ARM.Build.0 = Debug|ARM
		{DE513637-99EA-4181-AB3B-85422FE33499}.Debug|ARM64.ActiveCfg = Debug|ARM64
		{DE513637-99EA-4181-AB3B-85422FE33499}.Debug|ARM64.Build.0 = Debug|ARM64
		{DE513637-99EA-4181-AB3B-85422FE33499}.Debug|x64.ActiveCfg = Debug|x64
		{DE513637-99EA-4181-AB3B-85422FE33499}.Debug|x64.Build.0 = Debug|x64
		{DE513637-99EA-4181-AB3B-85422FE33499}.Debug|x86.ActiveCfg = Debug|x86
		{DE513637-99EA-4181-AB3B-85422FE33499}.Debug|x86.Build.0 = Debug|x86
		{DE513637-99EA-4181-AB3B-85422FE33499}.Release|ARM.ActiveCfg = Release|ARM
		{DE513637-99EA-4181-AB3B-85422FE33499}.Release|ARM.Build.0 = Release|ARM
		{DE513637-99EA-4181-AB3B-85422FE33499}.Release|ARM64.ActiveCfg = Release|ARM64
		{DE513637-99EA-4181-AB3B-85422FE33499}.Release|ARM64.Build.0 = Release|ARM64
		{DE513637-99EA-4181-AB3B-85422FE33499}.Release|x64.ActiveCfg = Release|x64
		{DE513637-99EA-4181-AB3B-85422FE33499}.Release|x64.Build.0 = Release|x64
		{DE513637-99EA-4181-AB3B-85422FE33499}.Release|x86.ActiveCfg = Release|x86
		{DE513637-99EA-4181-AB3B-85422FE33499}.Release|x86.Build.0 = Release|x86
	EndGlobalSection
	GlobalSection(SolutionProperties) = preSolution
		HideSolutionNode = FALSE
	EndGlobalSection
	GlobalSection(NestedProjects) = preSolution
		{00316539-3473-43AD-B2E3-7E06A9228B3C} = {C40A2F1C-D9CB-45B1-B9E0-EC2CB501C556}
		{DE513637-99EA-4181-AB3B-85422FE33499} = {C40A2F1C-D9CB-45B1-B9E0-EC2CB501C556}
	EndGlobalSection
	GlobalSection(ExtensibilityGlobals) = postSolution
		SolutionGuid = {403C3C10-ACEE-4258-93D7-524A829E1C21}
	EndGlobalSection
EndGlobal
